
Microsoft Visual Studio Solution File, Format Version 12.00
# Visual Studio 14
VisualStudioVersion = 14.0.23107.0
MinimumVisualStudioVersion = 10.0.40219.1
Project("{FAE04EC0-301F-11D3-BF4B-00C04F79EFBC}") = "UI", "UI\UI.csproj", "{340793BF-436A-438F-B87F-E5C61614F8FC}"
	ProjectSection(ProjectDependencies) = postProject
		{C5E2BBF9-9047-491D-A032-7EC025C5CC16} = {C5E2BBF9-9047-491D-A032-7EC025C5CC16}
	EndProjectSection
EndProject
Project("{FAE04EC0-301F-11D3-BF4B-00C04F79EFBC}") = "BenchmarkLibrary", "BenchmarkLibrary\BenchmarkLibrary.csproj", "{1CDD4C5A-8DC6-4906-A1AF-1D70D95C22B5}"
EndProject
Project("{FAE04EC0-301F-11D3-BF4B-00C04F79EFBC}") = "BenchmarkLibraryTests", "BenchmarkLibraryTests\BenchmarkLibraryTests.csproj", "{35100347-CC61-42A8-9029-F5D2F26F5D38}"
EndProject
Project("{FAE04EC0-301F-11D3-BF4B-00C04F79EFBC}") = "DetectionLibrary", "DetectionLibrary\DetectionLibrary.csproj", "{C5E2BBF9-9047-491D-A032-7EC025C5CC16}"
EndProject
Project("{FAE04EC0-301F-11D3-BF4B-00C04F79EFBC}") = "DetectionLibraryTests", "DetectionLibraryTests\DetectionLibraryTests.csproj", "{B4BBFF3B-8495-493C-9AAF-28EE08CBFAA7}"
EndProject
Global
	GlobalSection(SolutionConfigurationPlatforms) = preSolution
		Debug|Any CPU = Debug|Any CPU
		Release|Any CPU = Release|Any CPU
	EndGlobalSection
	GlobalSection(ProjectConfigurationPlatforms) = postSolution
		{340793BF-436A-438F-B87F-E5C61614F8FC}.Debug|Any CPU.ActiveCfg = Debug|Any CPU
		{340793BF-436A-438F-B87F-E5C61614F8FC}.Debug|Any CPU.Build.0 = Debug|Any CPU
		{340793BF-436A-438F-B87F-E5C61614F8FC}.Release|Any CPU.ActiveCfg = Release|Any CPU
		{340793BF-436A-438F-B87F-E5C61614F8FC}.Release|Any CPU.Build.0 = Release|Any CPU
		{1CDD4C5A-8DC6-4906-A1AF-1D70D95C22B5}.Debug|Any CPU.ActiveCfg = Debug|Any CPU
		{1CDD4C5A-8DC6-4906-A1AF-1D70D95C22B5}.Debug|Any CPU.Build.0 = Debug|Any CPU
		{1CDD4C5A-8DC6-4906-A1AF-1D70D95C22B5}.Release|Any CPU.ActiveCfg = Release|Any CPU
		{1CDD4C5A-8DC6-4906-A1AF-1D70D95C22B5}.Release|Any CPU.Build.0 = Release|Any CPU
		{35100347-CC61-42A8-9029-F5D2F26F5D38}.Debug|Any CPU.ActiveCfg = Debug|Any CPU
		{35100347-CC61-42A8-9029-F5D2F26F5D38}.Debug|Any CPU.Build.0 = Debug|Any CPU
		{35100347-CC61-42A8-9029-F5D2F26F5D38}.Release|Any CPU.ActiveCfg = Release|Any CPU
		{35100347-CC61-42A8-9029-F5D2F26F5D38}.Release|Any CPU.Build.0 = Release|Any CPU
		{C5E2BBF9-9047-491D-A032-7EC025C5CC16}.Debug|Any CPU.ActiveCfg = Debug|Any CPU
		{C5E2BBF9-9047-491D-A032-7EC025C5CC16}.Debug|Any CPU.Build.0 = Debug|Any CPU
		{C5E2BBF9-9047-491D-A032-7EC025C5CC16}.Release|Any CPU.ActiveCfg = Release|Any CPU
		{C5E2BBF9-9047-491D-A032-7EC025C5CC16}.Release|Any CPU.Build.0 = Release|Any CPU
		{B4BBFF3B-8495-493C-9AAF-28EE08CBFAA7}.Debug|Any CPU.ActiveCfg = Debug|Any CPU
		{B4BBFF3B-8495-493C-9AAF-28EE08CBFAA7}.Debug|Any CPU.Build.0 = Debug|Any CPU
		{B4BBFF3B-8495-493C-9AAF-28EE08CBFAA7}.Release|Any CPU.ActiveCfg = Release|Any CPU
		{B4BBFF3B-8495-493C-9AAF-28EE08CBFAA7}.Release|Any CPU.Build.0 = Release|Any CPU
	EndGlobalSection
	GlobalSection(SolutionProperties) = preSolution
		HideSolutionNode = FALSE
	EndGlobalSection
EndGlobal
